
Microsoft Visual Studio Solution File, Format Version 12.00
# Visual Studio Version 16
VisualStudioVersion = 16.0.31129.286
MinimumVisualStudioVersion = 10.0.40219.1
Project("{FAE04EC0-301F-11D3-BF4B-00C04F79EFBC}") = "sql", "sql\sql.csproj", "{83851B7C-428F-43C2-AFE3-249E4DFAE379}"
EndProject
Global
	GlobalSection(SolutionConfigurationPlatforms) = preSolution
		Debug|Any CPU = Debug|Any CPU
		Release|Any CPU = Release|Any CPU
	EndGlobalSection
	GlobalSection(ProjectConfigurationPlatforms) = postSolution
		{83851B7C-428F-43C2-AFE3-249E4DFAE379}.Debug|Any CPU.ActiveCfg = Debug|Any CPU
		{83851B7C-428F-43C2-AFE3-249E4DFAE379}.Debug|Any CPU.Build.0 = Debug|Any CPU
		{83851B7C-428F-43C2-AFE3-249E4DFAE379}.Release|Any CPU.ActiveCfg = Release|Any CPU
		{83851B7C-428F-43C2-AFE3-249E4DFAE379}.Release|Any CPU.Build.0 = Release|Any CPU
	EndGlobalSection
	GlobalSection(SolutionProperties) = preSolution
		HideSolutionNode = FALSE
	EndGlobalSection
	GlobalSection(ExtensibilityGlobals) = postSolution
		SolutionGuid = {DBFF60E3-2AFE-43EC-BAE7-ECF34A93FED2}
	EndGlobalSection
EndGlobal
